Microsoft Visual Studio Solution File, Format Version 12.00
# Visual Studio Version 17
VisualStudioVersion = 17.5.2.0
MinimumVisualStudioVersion = 10.0.40219.1
Project("{2150E333-8FDC-42A3-9474-1A3956D46DE8}") = "src", "src", "{827E0CD3-B72D-47B6-A68D-7590B98EB39B}"
EndProject
Project("{FAE04EC0-301F-11D3-BF4B-00C04F79EFBC}") = "MovingApi", "src\MovingApi\MovingApi.csproj", "{D73F4B50-2E8F-8A71-F7A5-5365308AFEC7}"
EndProject
Global
	GlobalSection(SolutionConfigurationPlatforms) = preSolution
		Debug|Any CPU = Debug|Any CPU
		Release|Any CPU = Release|Any CPU
	EndGlobalSection
	GlobalSection(ProjectConfigurationPlatforms) = postSolution
		{D73F4B50-2E8F-8A71-F7A5-5365308AFEC7}.Debug|Any CPU.ActiveCfg = Debug|Any CPU
		{D73F4B50-2E8F-8A71-F7A5-5365308AFEC7}.Debug|Any CPU.Build.0 = Debug|Any CPU
		{D73F4B50-2E8F-8A71-F7A5-5365308AFEC7}.Release|Any CPU.ActiveCfg = Release|Any CPU
		{D73F4B50-2E8F-8A71-F7A5-5365308AFEC7}.Release|Any CPU.Build.0 = Release|Any CPU
	EndGlobalSection
	GlobalSection(SolutionProperties) = preSolution
		HideSolutionNode = FALSE
	EndGlobalSection
	GlobalSection(NestedProjects) = preSolution
		{D73F4B50-2E8F-8A71-F7A5-5365308AFEC7} = {827E0CD3-B72D-47B6-A68D-7590B98EB39B}
	EndGlobalSection
	GlobalSection(ExtensibilityGlobals) = postSolution
		SolutionGuid = {301AFAF2-BD88-492E-B8F1-D80D573E17E6}
	EndGlobalSection
EndGlobal
